<?xml version="1.0" encoding="utf-8"?>
<Project ToolsVersion="16.0" xmlns="http://schemas.microsoft.com/developer/msbuild/2003">
  <ItemGroup>
    <Filter Include="Common">
      <UniqueIdentifier>c4cd5e78-1754-4b14-9c33-dd9b6fd2ddd0</UniqueIdentifier>
    </Filter>
    <Filter Include="DirectXTK">
      <UniqueIdentifier>{788779f7-77cd-410e-879e-602ae21917fa}</UniqueIdentifier>
    </Filter>
    <Filter Include="DirectXTK\headers">
      <UniqueIdentifier>{5860cff2-5e4e-4dc2-8af9-3c1467e0c4fa}</UniqueIdentifier>
    </Filter>
    <Filter Include="DirectXTK\source">
      <UniqueIdentifier>{a8396e7b-1004-4ffc-8abb-07aed321f554}</UniqueIdentifier>
    </Filter>
    <Filter Include="Framework">
      <UniqueIdentifier>{685c72c9-043e-471b-8110-85561ccea4ab}</UniqueIdentifier>
    </Filter>
    <Filter Include="Shaders">
      <UniqueIdentifier>{aaa53888-82e4-4a1f-8820-bdcc0d8bd577}</UniqueIdentifier>
    </Filter>
  </ItemGroup>
  <ItemGroup>
    <ClInclude Include="pch.h" />
    <ClInclude Include="StepTimer.h">
      <Filter>Common</Filter>
    </ClInclude>
    <ClInclude Include="Game.h" />
    <ClInclude Include="DeviceResources.h">
      <Filter>Common</Filter>
    </ClInclude>
    <ClInclude Include="d3dx12.h">
      <Filter>Common</Filter>
    </ClInclude>
    <ClInclude Include="DirectXTK12\AlignedNew.h">
      <Filter>DirectXTK\headers</Filter>
    </ClInclude>
    <ClInclude Include="DirectXTK12\Bezier.h">
      <Filter>DirectXTK\headers</Filter>
    </ClInclude>
    <ClInclude Include="DirectXTK12\BinaryReader.h">
      <Filter>DirectXTK\headers</Filter>
    </ClInclude>
    <ClInclude Include="DirectXTK12\d3dx12.h">
      <Filter>DirectXTK\headers</Filter>
    </ClInclude>
    <ClInclude Include="DirectXTK12\DDS.h">
      <Filter>DirectXTK\headers</Filter>
    </ClInclude>
    <ClInclude Include="DirectXTK12\DemandCreate.h">
      <Filter>DirectXTK\headers</Filter>
    </ClInclude>
    <ClInclude Include="DirectXTK12\EffectCommon.h">
      <Filter>DirectXTK\headers</Filter>
    </ClInclude>
    <ClInclude Include="DirectXTK12\Geometry.h">
      <Filter>DirectXTK\headers</Filter>
    </ClInclude>
    <ClInclude Include="DirectXTK12\LinearAllocator.h">
      <Filter>DirectXTK\headers</Filter>
    </ClInclude>
    <ClInclude Include="DirectXTK12\LoaderHelpers.h">
      <Filter>DirectXTK\headers</Filter>
    </ClInclude>
    <ClInclude Include="DirectXTK12\pch.h">
      <Filter>DirectXTK\headers</Filter>
    </ClInclude>
    <ClInclude Include="DirectXTK12\PlatformHelpers.h">
      <Filter>DirectXTK\headers</Filter>
    </ClInclude>
    <ClInclude Include="DirectXTK12\SDKMesh.h">
      <Filter>DirectXTK\headers</Filter>
    </ClInclude>
    <ClInclude Include="DirectXTK12\SharedResourcePool.h">
      <Filter>DirectXTK\headers</Filter>
    </ClInclude>
    <ClInclude Include="DirectXTK12\vbo.h">
      <Filter>DirectXTK\headers</Filter>
    </ClInclude>
    <ClInclude Include="DirectXTK12\SpriteFont.h" />
    <ClInclude Include="DirectXTK12\Audio.h">
      <Filter>DirectXTK\headers</Filter>
    </ClInclude>
    <ClInclude Include="DirectXTK12\BufferHelpers.h">
      <Filter>DirectXTK\headers</Filter>
    </ClInclude>
    <ClInclude Include="DirectXTK12\CommonStates.h">
      <Filter>DirectXTK\headers</Filter>
    </ClInclude>
    <ClInclude Include="DirectXTK12\DDSTextureLoader.h">
      <Filter>DirectXTK\headers</Filter>
    </ClInclude>
    <ClInclude Include="DirectXTK12\DescriptorHeap.h">
      <Filter>DirectXTK\headers</Filter>
    </ClInclude>
    <ClInclude Include="DirectXTK12\DirectXHelpers.h">
      <Filter>DirectXTK\headers</Filter>
    </ClInclude>
    <ClInclude Include="DirectXTK12\EffectPipelineStateDescription.h">
      <Filter>DirectXTK\headers</Filter>
    </ClInclude>
    <ClInclude Include="DirectXTK12\Effects.h">
      <Filter>DirectXTK\headers</Filter>
    </ClInclude>
    <ClInclude Include="DirectXTK12\GamePad.h">
      <Filter>DirectXTK\headers</Filter>
    </ClInclude>
    <ClInclude Include="DirectXTK12\GeometricPrimitive.h">
      <Filter>DirectXTK\headers</Filter>
    </ClInclude>
    <ClInclude Include="DirectXTK12\GraphicsMemory.h">
      <Filter>DirectXTK\headers</Filter>
    </ClInclude>
    <ClInclude Include="DirectXTK12\Keyboard.h">
      <Filter>DirectXTK\headers</Filter>
    </ClInclude>
    <ClInclude Include="DirectXTK12\Model.h">
      <Filter>DirectXTK\headers</Filter>
    </ClInclude>
    <ClInclude Include="DirectXTK12\Mouse.h">
      <Filter>DirectXTK\headers</Filter>
    </ClInclude>
    <ClInclude Include="DirectXTK12\PostProcess.h">
      <Filter>DirectXTK\headers</Filter>
    </ClInclude>
    <ClInclude Include="DirectXTK12\PrimitiveBatch.h">
      <Filter>DirectXTK\headers</Filter>
    </ClInclude>
    <ClInclude Include="DirectXTK12\RenderTargetState.h">
      <Filter>DirectXTK\headers</Filter>
    </ClInclude>
    <ClInclude Include="DirectXTK12\ResourceUploadBatch.h">
      <Filter>DirectXTK\headers</Filter>
    </ClInclude>
    <ClInclude Include="DirectXTK12\ScreenGrab.h">
      <Filter>DirectXTK\headers</Filter>
    </ClInclude>
    <ClInclude Include="DirectXTK12\SimpleMath.h">
      <Filter>DirectXTK\headers</Filter>
    </ClInclude>
    <ClInclude Include="DirectXTK12\SpriteBatch.h">
      <Filter>DirectXTK\headers</Filter>
    </ClInclude>
    <ClInclude Include="DirectXTK12\VertexTypes.h">
      <Filter>DirectXTK\headers</Filter>
    </ClInclude>
    <ClInclude Include="DirectXTK12\WICTextureLoader.h">
      <Filter>DirectXTK\headers</Filter>
    </ClInclude>
    <ClInclude Include="thread_pool.h">
      <Filter>Framework</Filter>
    </ClInclude>
  </ItemGroup>
  <ItemGroup>
    <ClCompile Include="pch.cpp" />
    <ClCompile Include="Main.cpp" />
    <ClCompile Include="Game.cpp" />
    <ClCompile Include="DeviceResources.cpp">
      <Filter>Common</Filter>
    </ClCompile>
    <ClCompile Include="DirectXTK12\AlphaTestEffect.cpp">
      <Filter>DirectXTK\source</Filter>
    </ClCompile>
    <ClCompile Include="DirectXTK12\BasicEffect.cpp">
      <Filter>DirectXTK\source</Filter>
    </ClCompile>
    <ClCompile Include="DirectXTK12\BasicPostProcess.cpp">
      <Filter>DirectXTK\source</Filter>
    </ClCompile>
    <ClCompile Include="DirectXTK12\BinaryReader.cpp">
      <Filter>DirectXTK\source</Filter>
    </ClCompile>
    <ClCompile Include="DirectXTK12\BufferHelpers.cpp">
      <Filter>DirectXTK\source</Filter>
    </ClCompile>
    <ClCompile Include="DirectXTK12\CommonStates.cpp">
      <Filter>DirectXTK\source</Filter>
    </ClCompile>
    <ClCompile Include="DirectXTK12\DDSTextureLoader.cpp">
      <Filter>DirectXTK\source</Filter>
    </ClCompile>
    <ClCompile Include="DirectXTK12\DebugEffect.cpp">
      <Filter>DirectXTK\source</Filter>
    </ClCompile>
    <ClCompile Include="DirectXTK12\DescriptorHeap.cpp">
      <Filter>DirectXTK\source</Filter>
    </ClCompile>
    <ClCompile Include="DirectXTK12\DirectXHelpers.cpp">
      <Filter>DirectXTK\source</Filter>
    </ClCompile>
    <ClCompile Include="DirectXTK12\DualPostProcess.cpp">
      <Filter>DirectXTK\source</Filter>
    </ClCompile>
    <ClCompile Include="DirectXTK12\DualTextureEffect.cpp">
      <Filter>DirectXTK\source</Filter>
    </ClCompile>
    <ClCompile Include="DirectXTK12\EffectCommon.cpp">
      <Filter>DirectXTK\source</Filter>
    </ClCompile>
    <ClCompile Include="DirectXTK12\EffectFactory.cpp">
      <Filter>DirectXTK\source</Filter>
    </ClCompile>
    <ClCompile Include="DirectXTK12\EffectPipelineStateDescription.cpp">
      <Filter>DirectXTK\source</Filter>
    </ClCompile>
    <ClCompile Include="DirectXTK12\EffectTextureFactory.cpp">
      <Filter>DirectXTK\source</Filter>
    </ClCompile>
    <ClCompile Include="DirectXTK12\EnvironmentMapEffect.cpp">
      <Filter>DirectXTK\source</Filter>
    </ClCompile>
    <ClCompile Include="DirectXTK12\GamePad.cpp">
      <Filter>DirectXTK\source</Filter>
    </ClCompile>
    <ClCompile Include="DirectXTK12\GeometricPrimitive.cpp">
      <Filter>DirectXTK\source</Filter>
    </ClCompile>
    <ClCompile Include="DirectXTK12\Geometry.cpp">
      <Filter>DirectXTK\source</Filter>
    </ClCompile>
    <ClCompile Include="DirectXTK12\GraphicsMemory.cpp">
      <Filter>DirectXTK\source</Filter>
    </ClCompile>
    <ClCompile Include="DirectXTK12\Keyboard.cpp">
      <Filter>DirectXTK\source</Filter>
    </ClCompile>
    <ClCompile Include="DirectXTK12\LinearAllocator.cpp">
      <Filter>DirectXTK\source</Filter>
    </ClCompile>
    <ClCompile Include="DirectXTK12\Model.cpp">
      <Filter>DirectXTK\source</Filter>
    </ClCompile>
    <ClCompile Include="DirectXTK12\ModelLoadSDKMESH.cpp">
      <Filter>DirectXTK\source</Filter>
    </ClCompile>
    <ClCompile Include="DirectXTK12\ModelLoadVBO.cpp">
      <Filter>DirectXTK\source</Filter>
    </ClCompile>
    <ClCompile Include="DirectXTK12\Mouse.cpp">
      <Filter>DirectXTK\source</Filter>
    </ClCompile>
    <ClCompile Include="DirectXTK12\NormalMapEffect.cpp">
      <Filter>DirectXTK\source</Filter>
    </ClCompile>
    <ClCompile Include="DirectXTK12\PBREffect.cpp">
      <Filter>DirectXTK\source</Filter>
    </ClCompile>
    <ClCompile Include="DirectXTK12\PBREffectFactory.cpp">
      <Filter>DirectXTK\source</Filter>
    </ClCompile>
    <ClCompile Include="DirectXTK12\PrimitiveBatch.cpp">
      <Filter>DirectXTK\source</Filter>
    </ClCompile>
    <ClCompile Include="DirectXTK12\ResourceUploadBatch.cpp">
      <Filter>DirectXTK\source</Filter>
    </ClCompile>
    <ClCompile Include="DirectXTK12\ScreenGrab.cpp">
      <Filter>DirectXTK\source</Filter>
    </ClCompile>
    <ClCompile Include="DirectXTK12\SimpleMath.cpp">
      <Filter>DirectXTK\source</Filter>
    </ClCompile>
    <ClCompile Include="DirectXTK12\SkinnedEffect.cpp">
      <Filter>DirectXTK\source</Filter>
    </ClCompile>
    <ClCompile Include="DirectXTK12\SpriteBatch.cpp">
      <Filter>DirectXTK\source</Filter>
    </ClCompile>
    <ClCompile Include="DirectXTK12\SpriteFont.cpp">
      <Filter>DirectXTK\source</Filter>
    </ClCompile>
    <ClCompile Include="DirectXTK12\ToneMapPostProcess.cpp">
      <Filter>DirectXTK\source</Filter>
    </ClCompile>
    <ClCompile Include="DirectXTK12\VertexTypes.cpp">
      <Filter>DirectXTK\source</Filter>
    </ClCompile>
    <ClCompile Include="DirectXTK12\WICTextureLoader.cpp">
      <Filter>DirectXTK\source</Filter>
    </ClCompile>
    <ClCompile Include="thread_pool.cpp">
      <Filter>Framework</Filter>
    </ClCompile>
  </ItemGroup>
  <ItemGroup>
    <MGCCompile Include="MicrosoftGame.Config" />
  </ItemGroup>
  <ItemGroup>
    <CopyFileToFolders Include="GraphicsLogo.png" />
    <CopyFileToFolders Include="LargeLogo.png" />
    <CopyFileToFolders Include="SmallLogo.png" />
    <CopyFileToFolders Include="SplashScreen.png" />
    <CopyFileToFolders Include="StoreLogo.png" />
  </ItemGroup>
  <ItemGroup>
    <FxCompile Include="simple_vs.hlsl">
      <Filter>Shaders</Filter>
    </FxCompile>
    <FxCompile Include="simple_ps.hlsl">
      <Filter>Shaders</Filter>
    </FxCompile>
  </ItemGroup>
</Project>